{
    "version": 3,
    "terraform_version": "0.10.7",
    "serial": 11,
    "lineage": "cbb0d8d2-234b-4c50-a193-20a875e7cb8b",
    "modules": [
        {
            "path": [
                "root"
            ],
            "outputs": {
                "ses_ip": {
                    "sensitive": false,
                    "type": "list",
                    "value": [
                        "192.168.100.183",
                        "192.168.100.158",
                        "192.168.100.195",
                        "192.168.100.129",
                        "192.168.100.253",
                        "ceph-ses-qa-01",
                        "ceph-ses-qa-02",
                        "ceph-ses-qa-03",
                        "ceph-ses-qa-04",
                        "ceph-ses-qa-05"
                    ]
                }
            },
            "resources": {
                "libvirt_domain.ses.0": {
                    "type": "libvirt_domain",
                    "depends_on": [
                        "libvirt_volume.osd.*",
                        "libvirt_volume.ses.*"
                    ],
                    "primary": {
                        "id": "fafb6adf-46fd-45a8-9a3a-f83cf3ff397d",
                        "attributes": {
                            "arch": "x86_64",
                            "autostart": "false",
                            "console.#": "1",
                            "console.0.source_path": "",
                            "console.0.target_port": "0",
                            "console.0.target_type": "serial",
                            "console.0.type": "pty",
                            "disk.#": "4",
                            "disk.0.%": "1",
                            "disk.0.volume_id": "/VM/ceph-ses-qa-01.qcow2",
                            "disk.1.%": "1",
                            "disk.1.volume_id": "/VM/osd-disk-01",
                            "disk.2.%": "1",
                            "disk.2.volume_id": "/VM/osd-disk-02",
                            "disk.3.%": "1",
                            "disk.3.volume_id": "/VM/osd-disk-03",
                            "emulator": "/usr/bin/qemu-system-x86_64",
                            "firmware": "",
                            "graphics.%": "2",
                            "graphics.listen_type": "address",
                            "graphics.type": "vnc",
                            "id": "fafb6adf-46fd-45a8-9a3a-f83cf3ff397d",
                            "machine": "pc",
                            "memory": "1024",
                            "name": "ceph-ses-qa-01",
                            "network_interface.#": "1",
                            "network_interface.0.addresses.#": "1",
                            "network_interface.0.addresses.0": "192.168.100.183",
                            "network_interface.0.bridge": "",
                            "network_interface.0.hostname": "",
                            "network_interface.0.mac": "1A:E6:DB:FC:92:2C",
                            "network_interface.0.macvtap": "",
                            "network_interface.0.network_id": "f215db5c-075a-40a7-9f20-c87021f8c025",
                            "network_interface.0.network_name": "vnet1",
                            "network_interface.0.passthrough": "",
                            "network_interface.0.vepa": "",
                            "network_interface.0.wait_for_lease": "true",
                            "nvram.%": "0",
                            "running": "true",
                            "vcpu": "1"
                        },
                        "meta": {
                            "e2bfb730-ecaa-11e6-8f88-34363bc7c4c0": {
                                "create": 300000000000
                            }
                        },
                        "tainted": false
                    },
                    "deposed": [],
                    "provider": ""
                },
                "libvirt_domain.ses.1": {
                    "type": "libvirt_domain",
                    "depends_on": [
                        "libvirt_volume.osd.*",
                        "libvirt_volume.ses.*"
                    ],
                    "primary": {
                        "id": "31d26f50-b10e-4ff7-b7cb-069963fc14a0",
                        "attributes": {
                            "arch": "x86_64",
                            "autostart": "false",
                            "console.#": "1",
                            "console.0.source_path": "",
                            "console.0.target_port": "0",
                            "console.0.target_type": "serial",
                            "console.0.type": "pty",
                            "disk.#": "4",
                            "disk.0.%": "1",
                            "disk.0.volume_id": "/VM/ceph-ses-qa-02.qcow2",
                            "disk.1.%": "1",
                            "disk.1.volume_id": "/VM/osd-disk-04",
                            "disk.2.%": "1",
                            "disk.2.volume_id": "/VM/osd-disk-05",
                            "disk.3.%": "1",
                            "disk.3.volume_id": "/VM/osd-disk-06",
                            "emulator": "/usr/bin/qemu-system-x86_64",
                            "firmware": "",
                            "graphics.%": "2",
                            "graphics.listen_type": "address",
                            "graphics.type": "vnc",
                            "id": "31d26f50-b10e-4ff7-b7cb-069963fc14a0",
                            "machine": "pc",
                            "memory": "1024",
                            "name": "ceph-ses-qa-02",
                            "network_interface.#": "1",
                            "network_interface.0.addresses.#": "1",
                            "network_interface.0.addresses.0": "192.168.100.158",
                            "network_interface.0.bridge": "",
                            "network_interface.0.hostname": "",
                            "network_interface.0.mac": "7A:DD:FF:D7:96:BA",
                            "network_interface.0.macvtap": "",
                            "network_interface.0.network_id": "f215db5c-075a-40a7-9f20-c87021f8c025",
                            "network_interface.0.network_name": "vnet1",
                            "network_interface.0.passthrough": "",
                            "network_interface.0.vepa": "",
                            "network_interface.0.wait_for_lease": "true",
                            "nvram.%": "0",
                            "running": "true",
                            "vcpu": "1"
                        },
                        "meta": {
                            "e2bfb730-ecaa-11e6-8f88-34363bc7c4c0": {
                                "create": 300000000000
                            }
                        },
                        "tainted": false
                    },
                    "deposed": [],
                    "provider": ""
                },
                "libvirt_domain.ses.2": {
                    "type": "libvirt_domain",
                    "depends_on": [
                        "libvirt_volume.osd.*",
                        "libvirt_volume.ses.*"
                    ],
                    "primary": {
                        "id": "912ee7fc-9001-421a-be87-369cf38efb1f",
                        "attributes": {
                            "arch": "x86_64",
                            "autostart": "false",
                            "console.#": "1",
                            "console.0.source_path": "",
                            "console.0.target_port": "0",
                            "console.0.target_type": "serial",
                            "console.0.type": "pty",
                            "disk.#": "4",
                            "disk.0.%": "1",
                            "disk.0.volume_id": "/VM/ceph-ses-qa-03.qcow2",
                            "disk.1.%": "1",
                            "disk.1.volume_id": "/VM/osd-disk-07",
                            "disk.2.%": "1",
                            "disk.2.volume_id": "/VM/osd-disk-08",
                            "disk.3.%": "1",
                            "disk.3.volume_id": "/VM/osd-disk-09",
                            "emulator": "/usr/bin/qemu-system-x86_64",
                            "firmware": "",
                            "graphics.%": "2",
                            "graphics.listen_type": "address",
                            "graphics.type": "vnc",
                            "id": "912ee7fc-9001-421a-be87-369cf38efb1f",
                            "machine": "pc",
                            "memory": "1024",
                            "name": "ceph-ses-qa-03",
                            "network_interface.#": "1",
                            "network_interface.0.addresses.#": "1",
                            "network_interface.0.addresses.0": "192.168.100.195",
                            "network_interface.0.bridge": "",
                            "network_interface.0.hostname": "",
                            "network_interface.0.mac": "32:37:3F:48:FB:03",
                            "network_interface.0.macvtap": "",
                            "network_interface.0.network_id": "f215db5c-075a-40a7-9f20-c87021f8c025",
                            "network_interface.0.network_name": "vnet1",
                            "network_interface.0.passthrough": "",
                            "network_interface.0.vepa": "",
                            "network_interface.0.wait_for_lease": "true",
                            "nvram.%": "0",
                            "running": "true",
                            "vcpu": "1"
                        },
                        "meta": {
                            "e2bfb730-ecaa-11e6-8f88-34363bc7c4c0": {
                                "create": 300000000000
                            }
                        },
                        "tainted": false
                    },
                    "deposed": [],
                    "provider": ""
                },
                "libvirt_domain.ses.3": {
                    "type": "libvirt_domain",
                    "depends_on": [
                        "libvirt_volume.osd.*",
                        "libvirt_volume.ses.*"
                    ],
                    "primary": {
                        "id": "d9057f6c-8624-4548-8f01-499e9dd057b9",
                        "attributes": {
                            "arch": "x86_64",
                            "autostart": "false",
                            "console.#": "1",
                            "console.0.source_path": "",
                            "console.0.target_port": "0",
                            "console.0.target_type": "serial",
                            "console.0.type": "pty",
                            "disk.#": "4",
                            "disk.0.%": "1",
                            "disk.0.volume_id": "/VM/ceph-ses-qa-04.qcow2",
                            "disk.1.%": "1",
                            "disk.1.volume_id": "/VM/osd-disk-10",
                            "disk.2.%": "1",
                            "disk.2.volume_id": "/VM/osd-disk-11",
                            "disk.3.%": "1",
                            "disk.3.volume_id": "/VM/osd-disk-12",
                            "emulator": "/usr/bin/qemu-system-x86_64",
                            "firmware": "",
                            "graphics.%": "2",
                            "graphics.listen_type": "address",
                            "graphics.type": "vnc",
                            "id": "d9057f6c-8624-4548-8f01-499e9dd057b9",
                            "machine": "pc",
                            "memory": "1024",
                            "name": "ceph-ses-qa-04",
                            "network_interface.#": "1",
                            "network_interface.0.addresses.#": "1",
                            "network_interface.0.addresses.0": "192.168.100.129",
                            "network_interface.0.bridge": "",
                            "network_interface.0.hostname": "",
                            "network_interface.0.mac": "62:5D:75:58:0A:C2",
                            "network_interface.0.macvtap": "",
                            "network_interface.0.network_id": "f215db5c-075a-40a7-9f20-c87021f8c025",
                            "network_interface.0.network_name": "vnet1",
                            "network_interface.0.passthrough": "",
                            "network_interface.0.vepa": "",
                            "network_interface.0.wait_for_lease": "true",
                            "nvram.%": "0",
                            "running": "true",
                            "vcpu": "1"
                        },
                        "meta": {
                            "e2bfb730-ecaa-11e6-8f88-34363bc7c4c0": {
                                "create": 300000000000
                            }
                        },
                        "tainted": false
                    },
                    "deposed": [],
                    "provider": ""
                },
                "libvirt_domain.ses.4": {
                    "type": "libvirt_domain",
                    "depends_on": [
                        "libvirt_volume.osd.*",
                        "libvirt_volume.ses.*"
                    ],
                    "primary": {
                        "id": "dd5d0b73-c699-4dd9-ba48-ca5fbe7b75f0",
                        "attributes": {
                            "arch": "x86_64",
                            "autostart": "false",
                            "console.#": "1",
                            "console.0.source_path": "",
                            "console.0.target_port": "0",
                            "console.0.target_type": "serial",
                            "console.0.type": "pty",
                            "disk.#": "4",
                            "disk.0.%": "1",
                            "disk.0.volume_id": "/VM/ceph-ses-qa-05.qcow2",
                            "disk.1.%": "1",
                            "disk.1.volume_id": "/VM/osd-disk-13",
                            "disk.2.%": "1",
                            "disk.2.volume_id": "/VM/osd-disk-14",
                            "disk.3.%": "1",
                            "disk.3.volume_id": "/VM/osd-disk-15",
                            "emulator": "/usr/bin/qemu-system-x86_64",
                            "firmware": "",
                            "graphics.%": "2",
                            "graphics.listen_type": "address",
                            "graphics.type": "vnc",
                            "id": "dd5d0b73-c699-4dd9-ba48-ca5fbe7b75f0",
                            "machine": "pc",
                            "memory": "1024",
                            "name": "ceph-ses-qa-05",
                            "network_interface.#": "1",
                            "network_interface.0.addresses.#": "1",
                            "network_interface.0.addresses.0": "192.168.100.253",
                            "network_interface.0.bridge": "",
                            "network_interface.0.hostname": "",
                            "network_interface.0.mac": "CE:98:30:CD:77:4A",
                            "network_interface.0.macvtap": "",
                            "network_interface.0.network_id": "f215db5c-075a-40a7-9f20-c87021f8c025",
                            "network_interface.0.network_name": "vnet1",
                            "network_interface.0.passthrough": "",
                            "network_interface.0.vepa": "",
                            "network_interface.0.wait_for_lease": "true",
                            "nvram.%": "0",
                            "running": "true",
                            "vcpu": "1"
                        },
                        "meta": {
                            "e2bfb730-ecaa-11e6-8f88-34363bc7c4c0": {
                                "create": 300000000000
                            }
                        },
                        "tainted": false
                    },
                    "deposed": [],
                    "provider": ""
                },
                "libvirt_volume.osd.0": {
                    "type": "libvirt_volume",
                    "depends_on": [],
                    "primary": {
                        "id": "/VM/osd-disk-01",
                        "attributes": {
                            "id": "/VM/osd-disk-01",
                            "name": "osd-disk-01",
                            "pool": "VM",
                            "size": "32212254720"
                        },
                        "meta": {},
                        "tainted": false
                    },
                    "deposed": [],
                    "provider": ""
                },
                "libvirt_volume.osd.1": {
                    "type": "libvirt_volume",
                    "depends_on": [],
                    "primary": {
                        "id": "/VM/osd-disk-02",
                        "attributes": {
                            "id": "/VM/osd-disk-02",
                            "name": "osd-disk-02",
                            "pool": "VM",
                            "size": "32212254720"
                        },
                        "meta": {},
                        "tainted": false
                    },
                    "deposed": [],
                    "provider": ""
                },
                "libvirt_volume.osd.10": {
                    "type": "libvirt_volume",
                    "depends_on": [],
                    "primary": {
                        "id": "/VM/osd-disk-11",
                        "attributes": {
                            "id": "/VM/osd-disk-11",
                            "name": "osd-disk-11",
                            "pool": "VM",
                            "size": "32212254720"
                        },
                        "meta": {},
                        "tainted": false
                    },
                    "deposed": [],
                    "provider": ""
                },
                "libvirt_volume.osd.11": {
                    "type": "libvirt_volume",
                    "depends_on": [],
                    "primary": {
                        "id": "/VM/osd-disk-12",
                        "attributes": {
                            "id": "/VM/osd-disk-12",
                            "name": "osd-disk-12",
                            "pool": "VM",
                            "size": "32212254720"
                        },
                        "meta": {},
                        "tainted": false
                    },
                    "deposed": [],
                    "provider": ""
                },
                "libvirt_volume.osd.12": {
                    "type": "libvirt_volume",
                    "depends_on": [],
                    "primary": {
                        "id": "/VM/osd-disk-13",
                        "attributes": {
                            "id": "/VM/osd-disk-13",
                            "name": "osd-disk-13",
                            "pool": "VM",
                            "size": "32212254720"
                        },
                        "meta": {},
                        "tainted": false
                    },
                    "deposed": [],
                    "provider": ""
                },
                "libvirt_volume.osd.13": {
                    "type": "libvirt_volume",
                    "depends_on": [],
                    "primary": {
                        "id": "/VM/osd-disk-14",
                        "attributes": {
                            "id": "/VM/osd-disk-14",
                            "name": "osd-disk-14",
                            "pool": "VM",
                            "size": "32212254720"
                        },
                        "meta": {},
                        "tainted": false
                    },
                    "deposed": [],
                    "provider": ""
                },
                "libvirt_volume.osd.14": {
                    "type": "libvirt_volume",
                    "depends_on": [],
                    "primary": {
                        "id": "/VM/osd-disk-15",
                        "attributes": {
                            "id": "/VM/osd-disk-15",
                            "name": "osd-disk-15",
                            "pool": "VM",
                            "size": "32212254720"
                        },
                        "meta": {},
                        "tainted": false
                    },
                    "deposed": [],
                    "provider": ""
                },
                "libvirt_volume.osd.2": {
                    "type": "libvirt_volume",
                    "depends_on": [],
                    "primary": {
                        "id": "/VM/osd-disk-03",
                        "attributes": {
                            "id": "/VM/osd-disk-03",
                            "name": "osd-disk-03",
                            "pool": "VM",
                            "size": "32212254720"
                        },
                        "meta": {},
                        "tainted": false
                    },
                    "deposed": [],
                    "provider": ""
                },
                "libvirt_volume.osd.3": {
                    "type": "libvirt_volume",
                    "depends_on": [],
                    "primary": {
                        "id": "/VM/osd-disk-04",
                        "attributes": {
                            "id": "/VM/osd-disk-04",
                            "name": "osd-disk-04",
                            "pool": "VM",
                            "size": "32212254720"
                        },
                        "meta": {},
                        "tainted": false
                    },
                    "deposed": [],
                    "provider": ""
                },
                "libvirt_volume.osd.4": {
                    "type": "libvirt_volume",
                    "depends_on": [],
                    "primary": {
                        "id": "/VM/osd-disk-05",
                        "attributes": {
                            "id": "/VM/osd-disk-05",
                            "name": "osd-disk-05",
                            "pool": "VM",
                            "size": "32212254720"
                        },
                        "meta": {},
                        "tainted": false
                    },
                    "deposed": [],
                    "provider": ""
                },
                "libvirt_volume.osd.5": {
                    "type": "libvirt_volume",
                    "depends_on": [],
                    "primary": {
                        "id": "/VM/osd-disk-06",
                        "attributes": {
                            "id": "/VM/osd-disk-06",
                            "name": "osd-disk-06",
                            "pool": "VM",
                            "size": "32212254720"
                        },
                        "meta": {},
                        "tainted": false
                    },
                    "deposed": [],
                    "provider": ""
                },
                "libvirt_volume.osd.6": {
                    "type": "libvirt_volume",
                    "depends_on": [],
                    "primary": {
                        "id": "/VM/osd-disk-07",
                        "attributes": {
                            "id": "/VM/osd-disk-07",
                            "name": "osd-disk-07",
                            "pool": "VM",
                            "size": "32212254720"
                        },
                        "meta": {},
                        "tainted": false
                    },
                    "deposed": [],
                    "provider": ""
                },
                "libvirt_volume.osd.7": {
                    "type": "libvirt_volume",
                    "depends_on": [],
                    "primary": {
                        "id": "/VM/osd-disk-08",
                        "attributes": {
                            "id": "/VM/osd-disk-08",
                            "name": "osd-disk-08",
                            "pool": "VM",
                            "size": "32212254720"
                        },
                        "meta": {},
                        "tainted": false
                    },
                    "deposed": [],
                    "provider": ""
                },
                "libvirt_volume.osd.8": {
                    "type": "libvirt_volume",
                    "depends_on": [],
                    "primary": {
                        "id": "/VM/osd-disk-09",
                        "attributes": {
                            "id": "/VM/osd-disk-09",
                            "name": "osd-disk-09",
                            "pool": "VM",
                            "size": "32212254720"
                        },
                        "meta": {},
                        "tainted": false
                    },
                    "deposed": [],
                    "provider": ""
                },
                "libvirt_volume.osd.9": {
                    "type": "libvirt_volume",
                    "depends_on": [],
                    "primary": {
                        "id": "/VM/osd-disk-10",
                        "attributes": {
                            "id": "/VM/osd-disk-10",
                            "name": "osd-disk-10",
                            "pool": "VM",
                            "size": "32212254720"
                        },
                        "meta": {},
                        "tainted": false
                    },
                    "deposed": [],
                    "provider": ""
                },
                "libvirt_volume.ses.0": {
                    "type": "libvirt_volume",
                    "depends_on": [
                        "libvirt_volume.sles12sp3"
                    ],
                    "primary": {
                        "id": "/VM/ceph-ses-qa-01.qcow2",
                        "attributes": {
                            "base_volume_id": "/VM/sles12sp3_img",
                            "id": "/VM/ceph-ses-qa-01.qcow2",
                            "name": "ceph-ses-qa-01.qcow2",
                            "pool": "VM",
                            "size": "32212254720"
                        },
                        "meta": {},
                        "tainted": false
                    },
                    "deposed": [],
                    "provider": ""
                },
                "libvirt_volume.ses.1": {
                    "type": "libvirt_volume",
                    "depends_on": [
                        "libvirt_volume.sles12sp3"
                    ],
                    "primary": {
                        "id": "/VM/ceph-ses-qa-02.qcow2",
                        "attributes": {
                            "base_volume_id": "/VM/sles12sp3_img",
                            "id": "/VM/ceph-ses-qa-02.qcow2",
                            "name": "ceph-ses-qa-02.qcow2",
                            "pool": "VM",
                            "size": "32212254720"
                        },
                        "meta": {},
                        "tainted": false
                    },
                    "deposed": [],
                    "provider": ""
                },
                "libvirt_volume.ses.2": {
                    "type": "libvirt_volume",
                    "depends_on": [
                        "libvirt_volume.sles12sp3"
                    ],
                    "primary": {
                        "id": "/VM/ceph-ses-qa-03.qcow2",
                        "attributes": {
                            "base_volume_id": "/VM/sles12sp3_img",
                            "id": "/VM/ceph-ses-qa-03.qcow2",
                            "name": "ceph-ses-qa-03.qcow2",
                            "pool": "VM",
                            "size": "32212254720"
                        },
                        "meta": {},
                        "tainted": false
                    },
                    "deposed": [],
                    "provider": ""
                },
                "libvirt_volume.ses.3": {
                    "type": "libvirt_volume",
                    "depends_on": [
                        "libvirt_volume.sles12sp3"
                    ],
                    "primary": {
                        "id": "/VM/ceph-ses-qa-04.qcow2",
                        "attributes": {
                            "base_volume_id": "/VM/sles12sp3_img",
                            "id": "/VM/ceph-ses-qa-04.qcow2",
                            "name": "ceph-ses-qa-04.qcow2",
                            "pool": "VM",
                            "size": "32212254720"
                        },
                        "meta": {},
                        "tainted": false
                    },
                    "deposed": [],
                    "provider": ""
                },
                "libvirt_volume.ses.4": {
                    "type": "libvirt_volume",
                    "depends_on": [
                        "libvirt_volume.sles12sp3"
                    ],
                    "primary": {
                        "id": "/VM/ceph-ses-qa-05.qcow2",
                        "attributes": {
                            "base_volume_id": "/VM/sles12sp3_img",
                            "id": "/VM/ceph-ses-qa-05.qcow2",
                            "name": "ceph-ses-qa-05.qcow2",
                            "pool": "VM",
                            "size": "32212254720"
                        },
                        "meta": {},
                        "tainted": false
                    },
                    "deposed": [],
                    "provider": ""
                },
                "libvirt_volume.sles12sp3": {
                    "type": "libvirt_volume",
                    "depends_on": [],
                    "primary": {
                        "id": "/VM/sles12sp3_img",
                        "attributes": {
                            "id": "/VM/sles12sp3_img",
                            "name": "sles12sp3_img",
                            "pool": "VM",
                            "size": "32212254720",
                            "source": "/VM/sles12sp3_tf_img.qcow2"
                        },
                        "meta": {},
                        "tainted": false
                    },
                    "deposed": [],
                    "provider": ""
                }
            },
            "depends_on": []
        }
    ]
}
